
Microsoft Visual Studio Solution File, Format Version 12.00
# Visual Studio 14
VisualStudioVersion = 14.0.25420.1
MinimumVisualStudioVersion = 10.0.40219.1
Project("{E24C65DC-7377-472B-9ABA-BC803B73C61A}") = "Lab5", "..\..\WebSites\Lab5\", "{4F4EE431-DB2F-4C44-9D74-C11928F16E48}"
	ProjectSection(WebsiteProperties) = preProject
		TargetFrameworkMoniker = ".NETFramework,Version%3Dv4.5.2"
		Debug.AspNetCompiler.VirtualPath = "/localhost_62350"
		Debug.AspNetCompiler.PhysicalPath = "..\..\WebSites\Lab5\"
		Debug.AspNetCompiler.TargetPath = "PrecompiledWeb\localhost_62350\"
		Debug.AspNetCompiler.Updateable = "true"
		Debug.AspNetCompiler.ForceOverwrite = "true"
		Debug.AspNetCompiler.FixedNames = "false"
		Debug.AspNetCompiler.Debug = "True"
		Release.AspNetCompiler.VirtualPath = "/localhost_62350"
		Release.AspNetCompiler.PhysicalPath = "..\..\WebSites\Lab5\"
		Release.AspNetCompiler.TargetPath = "PrecompiledWeb\localhost_62350\"
		Release.AspNetCompiler.Updateable = "true"
		Release.AspNetCompiler.ForceOverwrite = "true"
		Release.AspNetCompiler.FixedNames = "false"
		Release.AspNetCompiler.Debug = "False"
		VWDPort = "62350"
	EndProjectSection
EndProject
Global
	GlobalSection(SolutionConfigurationPlatforms) = preSolution
		Debug|Any CPU = Debug|Any CPU
	EndGlobalSection
	GlobalSection(ProjectConfigurationPlatforms) = postSolution
		{4F4EE431-DB2F-4C44-9D74-C11928F16E48}.Debug|Any CPU.ActiveCfg = Debug|Any CPU
		{4F4EE431-DB2F-4C44-9D74-C11928F16E48}.Debug|Any CPU.Build.0 = Debug|Any CPU
	EndGlobalSection
	GlobalSection(SolutionProperties) = preSolution
		HideSolutionNode = FALSE
	EndGlobalSection
EndGlobal
